{
  "version": 4,
  "terraform_version": "0.14.7",
  "serial": 5,
  "lineage": "0cbccafd-4e93-0743-d9a5-b5c1b13957fd",
  "outputs": {},
  "resources": [
    {
      "mode": "managed",
      "type": "aws_iam_user",
      "name": "lb",
      "provider": "provider[\"registry.terraform.io/hashicorp/aws\"]",
      "instances": [
        {
          "index_key": 0,
          "schema_version": 0,
          "attributes": {
            "arn": "arn:aws:iam::206637548708:user/system/dev-lb",
            "force_destroy": false,
            "id": "dev-lb",
            "name": "dev-lb",
            "path": "/system/",
            "permissions_boundary": null,
            "tags": null,
            "unique_id": "AIDATAHEOYSSFUE3QDR2X"
          },
          "sensitive_attributes": [],
          "private": "bnVsbA=="
        },
        {
          "index_key": 1,
          "schema_version": 0,
          "attributes": {
            "arn": "arn:aws:iam::206637548708:user/system/stage-lb",
            "force_destroy": false,
            "id": "stage-lb",
            "name": "stage-lb",
            "path": "/system/",
            "permissions_boundary": null,
            "tags": null,
            "unique_id": "AIDATAHEOYSSKRKBFL3T5"
          },
          "sensitive_attributes": [],
          "private": "bnVsbA=="
        },
        {
          "index_key": 2,
          "schema_version": 0,
          "attributes": {
            "arn": "arn:aws:iam::206637548708:user/system/prod-lb",
            "force_destroy": false,
            "id": "prod-lb",
            "name": "prod-lb",
            "path": "/system/",
            "permissions_boundary": null,
            "tags": null,
            "unique_id": "AIDATAHEOYSSGFRX6PRW6"
          },
          "sensitive_attributes": [],
          "private": "bnVsbA=="
        }
      ]
    }
  ]
}
