{
  "version": 4,
  "terraform_version": "0.14.7",
  "serial": 3,
  "lineage": "41367167-1717-2dcc-3803-5baa9bf1bb5e",
  "outputs": {
    "arns": {
      "value": [
        "arn:aws:iam::206637548708:user/iamuser.0",
        "arn:aws:iam::206637548708:user/iamuser.1",
        "arn:aws:iam::206637548708:user/iamuser.2"
      ],
      "type": [
        "tuple",
        [
          "string",
          "string",
          "string"
        ]
      ]
    },
    "combined": {
      "value": {
        "iamuser.0": "arn:aws:iam::206637548708:user/iamuser.0",
        "iamuser.1": "arn:aws:iam::206637548708:user/iamuser.1",
        "iamuser.2": "arn:aws:iam::206637548708:user/iamuser.2"
      },
      "type": [
        "object",
        {
          "iamuser.0": "string",
          "iamuser.1": "string",
          "iamuser.2": "string"
        }
      ]
    },
    "name": {
      "value": [
        "iamuser.0",
        "iamuser.1",
        "iamuser.2"
      ],
      "type": [
        "tuple",
        [
          "string",
          "string",
          "string"
        ]
      ]
    }
  },
  "resources": [
    {
      "mode": "managed",
      "type": "aws_iam_user",
      "name": "lb",
      "provider": "provider[\"registry.terraform.io/hashicorp/aws\"]",
      "instances": [
        {
          "index_key": 0,
          "schema_version": 0,
          "attributes": {
            "arn": "arn:aws:iam::206637548708:user/iamuser.0",
            "force_destroy": false,
            "id": "iamuser.0",
            "name": "iamuser.0",
            "path": "/",
            "permissions_boundary": null,
            "tags": null,
            "unique_id": "AIDATAHEOYSSICPRVWKDR"
          },
          "sensitive_attributes": [],
          "private": "bnVsbA=="
        },
        {
          "index_key": 1,
          "schema_version": 0,
          "attributes": {
            "arn": "arn:aws:iam::206637548708:user/iamuser.1",
            "force_destroy": false,
            "id": "iamuser.1",
            "name": "iamuser.1",
            "path": "/",
            "permissions_boundary": null,
            "tags": null,
            "unique_id": "AIDATAHEOYSSDOC4IGX6A"
          },
          "sensitive_attributes": [],
          "private": "bnVsbA=="
        },
        {
          "index_key": 2,
          "schema_version": 0,
          "attributes": {
            "arn": "arn:aws:iam::206637548708:user/iamuser.2",
            "force_destroy": false,
            "id": "iamuser.2",
            "name": "iamuser.2",
            "path": "/",
            "permissions_boundary": null,
            "tags": null,
            "unique_id": "AIDATAHEOYSSN36YZFOSY"
          },
          "sensitive_attributes": [],
          "private": "bnVsbA=="
        }
      ]
    }
  ]
}
