{
  "version": 4,
  "terraform_version": "0.14.7",
  "serial": 28,
  "lineage": "55b139e4-4679-fd8b-cdee-8fe37beea58c",
  "outputs": {},
  "resources": [
    {
      "mode": "managed",
      "type": "aws_instance",
      "name": "myec2",
      "provider": "provider[\"registry.terraform.io/hashicorp/aws\"]",
      "instances": [
        {
          "schema_version": 1,
          "attributes": {
            "ami": "ami-0e999cbd62129e3b1",
            "arn": "arn:aws:ec2:us-west-2:206637548708:instance/i-0af56ba74f29250e9",
            "associate_public_ip_address": true,
            "availability_zone": "us-west-2b",
            "cpu_core_count": 1,
            "cpu_threads_per_core": 1,
            "credit_specification": [
              {
                "cpu_credits": "standard"
              }
            ],
            "disable_api_termination": false,
            "ebs_block_device": [],
            "ebs_optimized": false,
            "enclave_options": [
              {
                "enabled": false
              }
            ],
            "ephemeral_block_device": [],
            "get_password_data": false,
            "hibernation": false,
            "host_id": null,
            "iam_instance_profile": "",
            "id": "i-0af56ba74f29250e9",
            "instance_initiated_shutdown_behavior": null,
            "instance_state": "running",
            "instance_type": "t2.micro",
            "ipv6_address_count": 0,
            "ipv6_addresses": [],
            "key_name": "",
            "metadata_options": [
              {
                "http_endpoint": "enabled",
                "http_put_response_hop_limit": 1,
                "http_tokens": "optional"
              }
            ],
            "monitoring": false,
            "network_interface": [],
            "outpost_arn": "",
            "password_data": "",
            "placement_group": "",
            "primary_network_interface_id": "eni-02b99753e7890cf58",
            "private_dns": "ip-172-31-29-156.us-west-2.compute.internal",
            "private_ip": "172.31.29.156",
            "public_dns": "ec2-54-245-45-221.us-west-2.compute.amazonaws.com",
            "public_ip": "54.245.45.221",
            "root_block_device": [
              {
                "delete_on_termination": true,
                "device_name": "/dev/xvda",
                "encrypted": false,
                "iops": 100,
                "kms_key_id": "",
                "tags": {},
                "throughput": 0,
                "volume_id": "vol-08ccedb0e69e4fd9e",
                "volume_size": 8,
                "volume_type": "gp2"
              }
            ],
            "secondary_private_ips": [],
            "security_groups": [
              "default"
            ],
            "source_dest_check": true,
            "subnet_id": "subnet-b0d576c8",
            "tags": {
              "Name": "EC2-terraform-1"
            },
            "tenancy": "default",
            "timeouts": null,
            "user_data": null,
            "user_data_base64": null,
            "volume_tags": null,
            "vpc_security_group_ids": [
              "sg-7ff8145c"
            ]
          },
          "sensitive_attributes": [],
          "private": "eyJlMmJmYjczMC1lY2FhLTExZTYtOGY4OC0zNDM2M2JjN2M0YzAiOnsiY3JlYXRlIjo2MDAwMDAwMDAwMDAsImRlbGV0ZSI6MTIwMDAwMDAwMDAwMCwidXBkYXRlIjo2MDAwMDAwMDAwMDB9LCJzY2hlbWFfdmVyc2lvbiI6IjEifQ=="
        }
      ]
    },
    {
      "mode": "managed",
      "type": "github_repository",
      "name": "example",
      "provider": "provider[\"registry.terraform.io/integrations/github\"]",
      "instances": [
        {
          "schema_version": 0,
          "attributes": {
            "allow_merge_commit": true,
            "allow_rebase_merge": true,
            "allow_squash_merge": true,
            "archive_on_destroy": null,
            "archived": false,
            "auto_init": null,
            "default_branch": "main",
            "delete_branch_on_merge": false,
            "description": "",
            "etag": "W/\"e3d75a2e441eb38b42de83e6a1c6a4e3b95eef7078cc6d9c29eb60edbaf99b8b\"",
            "full_name": "reshma-aws/terraform-repo1",
            "git_clone_url": "git://github.com/reshma-aws/terraform-repo1.git",
            "gitignore_template": null,
            "has_downloads": false,
            "has_issues": false,
            "has_projects": false,
            "has_wiki": false,
            "homepage_url": "",
            "html_url": "https://github.com/reshma-aws/terraform-repo1",
            "http_clone_url": "https://github.com/reshma-aws/terraform-repo1.git",
            "id": "terraform-repo1",
            "is_template": false,
            "license_template": null,
            "name": "terraform-repo1",
            "node_id": "MDEwOlJlcG9zaXRvcnkzNDA5NjI4NDc=",
            "pages": [],
            "private": false,
            "repo_id": 340962847,
            "ssh_clone_url": "git@github.com:reshma-aws/terraform-repo1.git",
            "svn_url": "https://github.com/reshma-aws/terraform-repo1",
            "template": [],
            "topics": null,
            "visibility": "public",
            "vulnerability_alerts": false
          },
          "sensitive_attributes": [],
          "private": "bnVsbA=="
        }
      ]
    }
  ]
}
