{
  "version": 4,
  "terraform_version": "0.14.7",
  "serial": 5,
  "lineage": "a37d1aff-4476-07fd-483d-9dbcbc356290",
  "outputs": {
    "arns": {
      "value": [
        "arn:aws:iam::206637548708:user/iamuser.0",
        "arn:aws:iam::206637548708:user/iamuser.1",
        "arn:aws:iam::206637548708:user/iamuser.2"
      ],
      "type": [
        "tuple",
        [
          "string",
          "string",
          "string"
        ]
      ]
    }
  },
  "resources": [
    {
      "mode": "managed",
      "type": "aws_iam_user",
      "name": "lb",
      "provider": "provider[\"registry.terraform.io/hashicorp/aws\"]",
      "instances": [
        {
          "index_key": 0,
          "schema_version": 0,
          "attributes": {
            "arn": "arn:aws:iam::206637548708:user/iamuser.0",
            "force_destroy": false,
            "id": "iamuser.0",
            "name": "iamuser.0",
            "path": "/",
            "permissions_boundary": null,
            "tags": {},
            "unique_id": "AIDATAHEOYSSPOUGXPCA5"
          },
          "sensitive_attributes": [],
          "private": "bnVsbA=="
        },
        {
          "index_key": 1,
          "schema_version": 0,
          "attributes": {
            "arn": "arn:aws:iam::206637548708:user/iamuser.1",
            "force_destroy": false,
            "id": "iamuser.1",
            "name": "iamuser.1",
            "path": "/",
            "permissions_boundary": null,
            "tags": {},
            "unique_id": "AIDATAHEOYSSH4CAAQZXE"
          },
          "sensitive_attributes": [],
          "private": "bnVsbA=="
        },
        {
          "index_key": 2,
          "schema_version": 0,
          "attributes": {
            "arn": "arn:aws:iam::206637548708:user/iamuser.2",
            "force_destroy": false,
            "id": "iamuser.2",
            "name": "iamuser.2",
            "path": "/",
            "permissions_boundary": null,
            "tags": {},
            "unique_id": "AIDATAHEOYSSHR7XMJV2F"
          },
          "sensitive_attributes": [],
          "private": "bnVsbA=="
        }
      ]
    }
  ]
}
